
Microsoft Visual Studio Solution File, Format Version 12.00
Project("{FAE04EC0-301F-11D3-BF4B-00C04F79EFBC}") = "Singleton", "Singleton\Singleton.csproj", "{21E930F1-896B-4A02-8785-6196BCC176F9}"
EndProject
Project("{FAE04EC0-301F-11D3-BF4B-00C04F79EFBC}") = "Builder-Director", "Builder-Director\Builder-Director.csproj", "{ED3EAAE6-7424-4AD0-94EA-81B46988751A}"
EndProject
Project("{FAE04EC0-301F-11D3-BF4B-00C04F79EFBC}") = "Builder-SimpleBuilder", "Builder-SimpleBuilder\Builder-SimpleBuilder.csproj", "{784C46E8-2549-460C-9CD5-8727A438284C}"
EndProject
Project("{FAE04EC0-301F-11D3-BF4B-00C04F79EFBC}") = "Builder-StaticBuilder", "Builder-StaticBuilder\Builder-StaticBuilder.csproj", "{95D289C3-0E62-4334-95CC-D180B33C21CC}"
EndProject
Global
	GlobalSection(SolutionConfigurationPlatforms) = preSolution
		Debug|Any CPU = Debug|Any CPU
		Release|Any CPU = Release|Any CPU
	EndGlobalSection
	GlobalSection(ProjectConfigurationPlatforms) = postSolution
		{21E930F1-896B-4A02-8785-6196BCC176F9}.Debug|Any CPU.ActiveCfg = Debug|Any CPU
		{21E930F1-896B-4A02-8785-6196BCC176F9}.Debug|Any CPU.Build.0 = Debug|Any CPU
		{21E930F1-896B-4A02-8785-6196BCC176F9}.Release|Any CPU.ActiveCfg = Release|Any CPU
		{21E930F1-896B-4A02-8785-6196BCC176F9}.Release|Any CPU.Build.0 = Release|Any CPU
		{ED3EAAE6-7424-4AD0-94EA-81B46988751A}.Debug|Any CPU.ActiveCfg = Debug|Any CPU
		{ED3EAAE6-7424-4AD0-94EA-81B46988751A}.Debug|Any CPU.Build.0 = Debug|Any CPU
		{ED3EAAE6-7424-4AD0-94EA-81B46988751A}.Release|Any CPU.ActiveCfg = Release|Any CPU
		{ED3EAAE6-7424-4AD0-94EA-81B46988751A}.Release|Any CPU.Build.0 = Release|Any CPU
		{784C46E8-2549-460C-9CD5-8727A438284C}.Debug|Any CPU.ActiveCfg = Debug|Any CPU
		{784C46E8-2549-460C-9CD5-8727A438284C}.Debug|Any CPU.Build.0 = Debug|Any CPU
		{784C46E8-2549-460C-9CD5-8727A438284C}.Release|Any CPU.ActiveCfg = Release|Any CPU
		{784C46E8-2549-460C-9CD5-8727A438284C}.Release|Any CPU.Build.0 = Release|Any CPU
		{95D289C3-0E62-4334-95CC-D180B33C21CC}.Debug|Any CPU.ActiveCfg = Debug|Any CPU
		{95D289C3-0E62-4334-95CC-D180B33C21CC}.Debug|Any CPU.Build.0 = Debug|Any CPU
		{95D289C3-0E62-4334-95CC-D180B33C21CC}.Release|Any CPU.ActiveCfg = Release|Any CPU
		{95D289C3-0E62-4334-95CC-D180B33C21CC}.Release|Any CPU.Build.0 = Release|Any CPU
	EndGlobalSection
EndGlobal
